[[package]]
category = "main"
description = "Simple library for color and formatting to terminal"
name = "colored"
optional = false
python-versions = "*"
version = "1.4.2"

[[package]]
category = "main"
description = "Python subprocess replacement"
name = "sh"
optional = false
python-versions = "*"
version = "1.12.14"

[metadata]
content-hash = "f1293d4003d28f163891558ee5d6bdfe33a651cb9d74034c487751c7df0522de"
python-versions = "^3.7"

[metadata.files]
colored = [
    {file = "colored-1.4.2.tar.gz", hash = "sha256:056fac09d9e39b34296e7618897ed1b8c274f98423770c2980d829fd670955ed"},
]
sh = [
    {file = "sh-1.12.14-py2.py3-none-any.whl", hash = "sha256:ae3258c5249493cebe73cb4e18253a41ed69262484bad36fdb3efcb8ad8870bb"},
    {file = "sh-1.12.14.tar.gz", hash = "sha256:b52bf5833ed01c7b5c5fb73a7f71b3d98d48e9b9b8764236237bdc7ecae850fc"},
]
